
Microsoft Visual Studio Solution File, Format Version 12.00
# Visual Studio Version 16
VisualStudioVersion = 16.0.31729.503
MinimumVisualStudioVersion = 10.0.40219.1
Project("{FAE04EC0-301F-11D3-BF4B-00C04F79EFBC}") = "Reflection", "Reflection\Reflection.csproj", "{798EFDF2-C62A-44A5-B3CD-591E43A1EAFB}"
EndProject
Project("{FAE04EC0-301F-11D3-BF4B-00C04F79EFBC}") = "ReflectionTest", "ReflectionTest\ReflectionTest.csproj", "{66BDDCDF-B98B-4BBB-B811-9CF3C68BCAB4}"
EndProject
Global
	GlobalSection(SolutionConfigurationPlatforms) = preSolution
		Debug|Any CPU = Debug|Any CPU
		Release|Any CPU = Release|Any CPU
	EndGlobalSection
	GlobalSection(ProjectConfigurationPlatforms) = postSolution
		{798EFDF2-C62A-44A5-B3CD-591E43A1EAFB}.Debug|Any CPU.ActiveCfg = Debug|Any CPU
		{798EFDF2-C62A-44A5-B3CD-591E43A1EAFB}.Debug|Any CPU.Build.0 = Debug|Any CPU
		{798EFDF2-C62A-44A5-B3CD-591E43A1EAFB}.Release|Any CPU.ActiveCfg = Release|Any CPU
		{798EFDF2-C62A-44A5-B3CD-591E43A1EAFB}.Release|Any CPU.Build.0 = Release|Any CPU
		{66BDDCDF-B98B-4BBB-B811-9CF3C68BCAB4}.Debug|Any CPU.ActiveCfg = Debug|Any CPU
		{66BDDCDF-B98B-4BBB-B811-9CF3C68BCAB4}.Debug|Any CPU.Build.0 = Debug|Any CPU
		{66BDDCDF-B98B-4BBB-B811-9CF3C68BCAB4}.Release|Any CPU.ActiveCfg = Release|Any CPU
		{66BDDCDF-B98B-4BBB-B811-9CF3C68BCAB4}.Release|Any CPU.Build.0 = Release|Any CPU
	EndGlobalSection
	GlobalSection(SolutionProperties) = preSolution
		HideSolutionNode = FALSE
	EndGlobalSection
	GlobalSection(ExtensibilityGlobals) = postSolution
		SolutionGuid = {DC3F62E9-42CC-416C-8B74-FD361A60AC6B}
	EndGlobalSection
EndGlobal
